github.com/zhangdapeng520/zdpgo_env v0.1.1 h1:RJSikqzkaXtQQhSCRljpw+M+1XJo2ryPUVmMjHD6bVw=
github.com/zhangdapeng520/zdpgo_env v0.1.1/go.mod h1:d7F2N66Bc/lZtGEGgOU1X8NnA8NnxhQRbELqJihhvR4=
github.com/zhangdapeng520/zdpgo_file v1.0.3 h1:i4gPenWPVnqRAQP/w1KT9hfnD1//8E0dy5vU8lrTdZE=
github.com/zhangdapeng520/zdpgo_file v1.0.3/go.mod h1:0BmzUnjfq8hpdH9IsiXQvoygwDaV6/UoTxipgvwAa9g=
github.com/zhangdapeng520/zdpgo_log v1.3.4 h1:hHB+ELh0zaBe5NLyASTDZ1qFnpkiFcOM582Phen1B7w=
github.com/zhangdapeng520/zdpgo_log v1.3.4/go.mod h1:Qnr8tZCpmDWqRfJpw0r5ClUNqdOJwLNXIyXA2IGXv6k=
github.com/zhangdapeng520/zdpgo_random v1.1.2 h1:EB3qAIBWD3RsxAZCyQNa6dnFlPQMIEVAhMF/+uqecEo=
github.com/zhangdapeng520/zdpgo_random v1.1.2/go.mod h1:8GYhJy20uZYiTSrnDOi2Fw33uCA5tVCtp5FAM3A8eTo=
github.com/zhangdapeng520/zdpgo_shell v0.1.2 h1:fCb35GeNHiUUSsle8UiM6MD13M3LEyNQC1Ty2jfK1tk=
github.com/zhangdapeng520/zdpgo_shell v0.1.2/go.mod h1:NzarrhwOxoflzFTD7vDK5N7clcadIaLEkK4KKTcPdJQ=
github.com/zhangdapeng520/zdpgo_test v0.1.1 h1:j2G6pcmU65gpGBGWTywXWmduOzhhbHEn4NVznZw6K6Q=
github.com/zhangdapeng520/zdpgo_test v0.1.1/go.mod h1:FZsHO6yLLfm0LQ745hwaGX2t/ifZ0i6/RTQw4Raj24k=
golang.org/x/text v0.3.7 h1:olpwvP2KacW1ZWvsR7uQhoyTYvKAupfQrRGBFM352Gk=
golang.org/x/text v0.3.7/go.mod h1:u+2+/6zg+i71rQMx5EYifcz6MCKuco9NR6JIITiCfzQ=
golang.org/x/tools v0.0.0-20180917221912-90fa682c2a6e/go.mod h1:n7NCudcB/nEzxVGmLbDWY5pfWTLqBcC2KZ6jyYvM4mQ=
